
Microsoft Visual Studio Solution File, Format Version 11.00
# Visual Studio 2010
Project("{FAE04EC0-301F-11D3-BF4B-00C04F79EFBC}") = "Ilkom-Race", "Assembly-CSharp-firstpass.csproj", "{7F17D21A-28C0-EA01-BC3D-FC927C826F78}"
EndProject
Project("{FAE04EC0-301F-11D3-BF4B-00C04F79EFBC}") = "Ilkom-Race", "Assembly-CSharp.csproj", "{A3433D61-5144-6441-5B09-C48D7D55855B}"
EndProject
Project("{FAE04EC0-301F-11D3-BF4B-00C04F79EFBC}") = "Ilkom-Race", "Assembly-CSharp-Editor-firstpass.csproj", "{AC82D147-93FF-A7FB-F558-D660E3E8FED0}"
EndProject
Global
	GlobalSection(SolutionConfigurationPlatforms) = preSolution
		Debug|Any CPU = Debug|Any CPU
		Release|Any CPU = Release|Any CPU
	EndGlobalSection
	GlobalSection(ProjectConfigurationPlatforms) = postSolution
		{7F17D21A-28C0-EA01-BC3D-FC927C826F78}.Debug|Any CPU.ActiveCfg = Debug|Any CPU
		{7F17D21A-28C0-EA01-BC3D-FC927C826F78}.Debug|Any CPU.Build.0 = Debug|Any CPU
		{7F17D21A-28C0-EA01-BC3D-FC927C826F78}.Release|Any CPU.ActiveCfg = Release|Any CPU
		{7F17D21A-28C0-EA01-BC3D-FC927C826F78}.Release|Any CPU.Build.0 = Release|Any CPU
		{A3433D61-5144-6441-5B09-C48D7D55855B}.Debug|Any CPU.ActiveCfg = Debug|Any CPU
		{A3433D61-5144-6441-5B09-C48D7D55855B}.Debug|Any CPU.Build.0 = Debug|Any CPU
		{A3433D61-5144-6441-5B09-C48D7D55855B}.Release|Any CPU.ActiveCfg = Release|Any CPU
		{A3433D61-5144-6441-5B09-C48D7D55855B}.Release|Any CPU.Build.0 = Release|Any CPU
		{AC82D147-93FF-A7FB-F558-D660E3E8FED0}.Debug|Any CPU.ActiveCfg = Debug|Any CPU
		{AC82D147-93FF-A7FB-F558-D660E3E8FED0}.Debug|Any CPU.Build.0 = Debug|Any CPU
		{AC82D147-93FF-A7FB-F558-D660E3E8FED0}.Release|Any CPU.ActiveCfg = Release|Any CPU
		{AC82D147-93FF-A7FB-F558-D660E3E8FED0}.Release|Any CPU.Build.0 = Release|Any CPU
	EndGlobalSection
	GlobalSection(SolutionProperties) = preSolution
		HideSolutionNode = FALSE
	EndGlobalSection
	GlobalSection(MonoDevelopProperties) = preSolution
		StartupItem = Assembly-CSharp.csproj
	EndGlobalSection
EndGlobal
